
Microsoft Visual Studio Solution File, Format Version 12.00
# Visual Studio Version 16
VisualStudioVersion = 16.0.31205.134
MinimumVisualStudioVersion = 10.0.40219.1
Project("{9A19103F-16F7-4668-BE54-9A1E7A4F7556}") = "RolePlayingGame.Api", "..\..\RolePlayingGame\RolePlayingGame.Api.csproj", "{0869F564-A6E9-4FDE-B9DD-48587EA6F983}"
EndProject
Project("{FAE04EC0-301F-11D3-BF4B-00C04F79EFBC}") = "RolePlayingGame.Models", "RolePlayingGame.Models.csproj", "{FA07C3F0-A735-426E-A52C-A1DB51D90D8A}"
EndProject
Global
	GlobalSection(SolutionConfigurationPlatforms) = preSolution
		Debug|Any CPU = Debug|Any CPU
		Release|Any CPU = Release|Any CPU
	EndGlobalSection
	GlobalSection(ProjectConfigurationPlatforms) = postSolution
		{0869F564-A6E9-4FDE-B9DD-48587EA6F983}.Debug|Any CPU.ActiveCfg = Debug|Any CPU
		{0869F564-A6E9-4FDE-B9DD-48587EA6F983}.Debug|Any CPU.Build.0 = Debug|Any CPU
		{0869F564-A6E9-4FDE-B9DD-48587EA6F983}.Release|Any CPU.ActiveCfg = Release|Any CPU
		{0869F564-A6E9-4FDE-B9DD-48587EA6F983}.Release|Any CPU.Build.0 = Release|Any CPU
		{FA07C3F0-A735-426E-A52C-A1DB51D90D8A}.Debug|Any CPU.ActiveCfg = Debug|Any CPU
		{FA07C3F0-A735-426E-A52C-A1DB51D90D8A}.Debug|Any CPU.Build.0 = Debug|Any CPU
		{FA07C3F0-A735-426E-A52C-A1DB51D90D8A}.Release|Any CPU.ActiveCfg = Release|Any CPU
		{FA07C3F0-A735-426E-A52C-A1DB51D90D8A}.Release|Any CPU.Build.0 = Release|Any CPU
	EndGlobalSection
	GlobalSection(SolutionProperties) = preSolution
		HideSolutionNode = FALSE
	EndGlobalSection
	GlobalSection(ExtensibilityGlobals) = postSolution
		SolutionGuid = {285ABDB1-7B66-4889-9DE7-F2D80C6FE2C9}
	EndGlobalSection
EndGlobal
